
Microsoft Visual Studio Solution File, Format Version 12.00
# Visual Studio 2012
Project("{FAE04EC0-301F-11D3-BF4B-00C04F79EFBC}") = "LightSavers", "LightSavers\LightSavers\LightSavers.csproj", "{98C83BDC-5AC5-458C-BD39-4D675F2211CC}"
EndProject
Project("{FAE04EC0-301F-11D3-BF4B-00C04F79EFBC}") = "LightSaversContent", "LightSavers\LightSaversContent\LightSaversContent.contentproj", "{2ACFE82D-9355-4E7F-BB76-C22126A40A66}"
EndProject
Project("{FAE04EC0-301F-11D3-BF4B-00C04F79EFBC}") = "CustomProcessors", "CustomProcessors\CustomProcessors.csproj", "{0FF6B644-08A2-4AF4-B805-AF45C1634773}"
EndProject
Global
	GlobalSection(SolutionConfigurationPlatforms) = preSolution
		Debug|Any CPU = Debug|Any CPU
		Debug|Mixed Platforms = Debug|Mixed Platforms
		Debug|x86 = Debug|x86
		Release|Any CPU = Release|Any CPU
		Release|Mixed Platforms = Release|Mixed Platforms
		Release|x86 = Release|x86
	EndGlobalSection
	GlobalSection(ProjectConfigurationPlatforms) = postSolution
		{98C83BDC-5AC5-458C-BD39-4D675F2211CC}.Debug|Any CPU.ActiveCfg = Debug|x86
		{98C83BDC-5AC5-458C-BD39-4D675F2211CC}.Debug|Mixed Platforms.ActiveCfg = Debug|x86
		{98C83BDC-5AC5-458C-BD39-4D675F2211CC}.Debug|Mixed Platforms.Build.0 = Debug|x86
		{98C83BDC-5AC5-458C-BD39-4D675F2211CC}.Debug|x86.ActiveCfg = Debug|x86
		{98C83BDC-5AC5-458C-BD39-4D675F2211CC}.Debug|x86.Build.0 = Debug|x86
		{98C83BDC-5AC5-458C-BD39-4D675F2211CC}.Release|Any CPU.ActiveCfg = Release|x86
		{98C83BDC-5AC5-458C-BD39-4D675F2211CC}.Release|Mixed Platforms.ActiveCfg = Release|x86
		{98C83BDC-5AC5-458C-BD39-4D675F2211CC}.Release|Mixed Platforms.Build.0 = Release|x86
		{98C83BDC-5AC5-458C-BD39-4D675F2211CC}.Release|x86.ActiveCfg = Release|x86
		{98C83BDC-5AC5-458C-BD39-4D675F2211CC}.Release|x86.Build.0 = Release|x86
		{2ACFE82D-9355-4E7F-BB76-C22126A40A66}.Debug|Any CPU.ActiveCfg = Debug|x86
		{2ACFE82D-9355-4E7F-BB76-C22126A40A66}.Debug|Mixed Platforms.ActiveCfg = Debug|x86
		{2ACFE82D-9355-4E7F-BB76-C22126A40A66}.Debug|x86.ActiveCfg = Debug|x86
		{2ACFE82D-9355-4E7F-BB76-C22126A40A66}.Release|Any CPU.ActiveCfg = Release|x86
		{2ACFE82D-9355-4E7F-BB76-C22126A40A66}.Release|Mixed Platforms.ActiveCfg = Release|x86
		{2ACFE82D-9355-4E7F-BB76-C22126A40A66}.Release|x86.ActiveCfg = Release|x86
		{0FF6B644-08A2-4AF4-B805-AF45C1634773}.Debug|Any CPU.ActiveCfg = Debug|x86
		{0FF6B644-08A2-4AF4-B805-AF45C1634773}.Debug|Any CPU.Build.0 = Debug|x86
		{0FF6B644-08A2-4AF4-B805-AF45C1634773}.Debug|Mixed Platforms.ActiveCfg = Debug|x86
		{0FF6B644-08A2-4AF4-B805-AF45C1634773}.Debug|Mixed Platforms.Build.0 = Debug|x86
		{0FF6B644-08A2-4AF4-B805-AF45C1634773}.Debug|x86.ActiveCfg = Debug|x86
		{0FF6B644-08A2-4AF4-B805-AF45C1634773}.Debug|x86.Build.0 = Debug|x86
		{0FF6B644-08A2-4AF4-B805-AF45C1634773}.Release|Any CPU.ActiveCfg = Debug|x86
		{0FF6B644-08A2-4AF4-B805-AF45C1634773}.Release|Any CPU.Build.0 = Debug|x86
		{0FF6B644-08A2-4AF4-B805-AF45C1634773}.Release|Mixed Platforms.ActiveCfg = Debug|x86
		{0FF6B644-08A2-4AF4-B805-AF45C1634773}.Release|Mixed Platforms.Build.0 = Debug|x86
		{0FF6B644-08A2-4AF4-B805-AF45C1634773}.Release|x86.ActiveCfg = Debug|x86
		{0FF6B644-08A2-4AF4-B805-AF45C1634773}.Release|x86.Build.0 = Debug|x86
	EndGlobalSection
	GlobalSection(SolutionProperties) = preSolution
		HideSolutionNode = FALSE
	EndGlobalSection
EndGlobal
